// !$*UTF8*$!
{
	archiveVersion = 1;
	classes = {
	};
	objectVersion = 56;
	objects = {

/* Begin PBXBuildFile section */
		621CDD192C96FFCB0052194A /* HTTPMethod.swift in Sources */ = {isa = PBXBuildFile; fileRef = 621CDD182C96FFCB0052194A /* HTTPMethod.swift */; };
		621CDD1B2C97009A0052194A /* HTTPHeader.swift in Sources */ = {isa = PBXBuildFile; fileRef = 621CDD1A2C97009A0052194A /* HTTPHeader.swift */; };
		621CDD1D2C9701550052194A /* MIMEType.swift in Sources */ = {isa = PBXBuildFile; fileRef = 621CDD1C2C9701550052194A /* MIMEType.swift */; };
		62DBCC802C94DE53007B8B09 /* github_repo_list_viewerApp.swift in Sources */ = {isa = PBXBuildFile; fileRef = 62DBCC7F2C94DE53007B8B09 /* github_repo_list_viewerApp.swift */; };
		62DBCC852C94DE53007B8B09 /* github_repo_list_viewer.xcdatamodeld in Sources */ = {isa = PBXBuildFile; fileRef = 62DBCC832C94DE53007B8B09 /* github_repo_list_viewer.xcdatamodeld */; };
		62DBCC892C94DE54007B8B09 /* Assets.xcassets in Resources */ = {isa = PBXBuildFile; fileRef = 62DBCC882C94DE54007B8B09 /* Assets.xcassets */; };
		62DBCC8D2C94DE54007B8B09 /* Preview Assets.xcassets in Resources */ = {isa = PBXBuildFile; fileRef = 62DBCC8C2C94DE54007B8B09 /* Preview Assets.xcassets */; };
		62DBCCB92C94E636007B8B09 /* NetworkManager.swift in Sources */ = {isa = PBXBuildFile; fileRef = 62DBCCB82C94E636007B8B09 /* NetworkManager.swift */; };
		62DBCCBC2C94E76A007B8B09 /* NetworkError.swift in Sources */ = {isa = PBXBuildFile; fileRef = 62DBCCBB2C94E76A007B8B09 /* NetworkError.swift */; };
		62DBCCBF2C94E954007B8B09 /* String+Extensions.swift in Sources */ = {isa = PBXBuildFile; fileRef = 62DBCCBE2C94E954007B8B09 /* String+Extensions.swift */; };
		62DBCCC12C94E96F007B8B09 /* Localizable.xcstrings in Resources */ = {isa = PBXBuildFile; fileRef = 62DBCCC02C94E96F007B8B09 /* Localizable.xcstrings */; };
		62DC94A92C976EE10034E8AC /* NetworkManagerTests.swift in Sources */ = {isa = PBXBuildFile; fileRef = 62DC94A82C976EE10034E8AC /* NetworkManagerTests.swift */; };
		62DC94B22C9777130034E8AC /* MockURLProtocol.swift in Sources */ = {isa = PBXBuildFile; fileRef = 62DC94B12C9777130034E8AC /* MockURLProtocol.swift */; };
		62DC94B42C9785620034E8AC /* GithubManager.swift in Sources */ = {isa = PBXBuildFile; fileRef = 62DC94B32C9785620034E8AC /* GithubManager.swift */; };
		62DC94B82C9786920034E8AC /* GetUserModel.swift in Sources */ = {isa = PBXBuildFile; fileRef = 62DC94B72C9786920034E8AC /* GetUserModel.swift */; };
		62DC94BE2C978B510034E8AC /* SearchUserView.swift in Sources */ = {isa = PBXBuildFile; fileRef = 62DC94BD2C978B510034E8AC /* SearchUserView.swift */; };
		62DC94C22C978ECA0034E8AC /* APIKeyManager.swift in Sources */ = {isa = PBXBuildFile; fileRef = 62DC94C12C978ECA0034E8AC /* APIKeyManager.swift */; };
		62DC94C62C97926D0034E8AC /* UserViewModel.swift in Sources */ = {isa = PBXBuildFile; fileRef = 62DC94C52C97926D0034E8AC /* UserViewModel.swift */; };
		62DC94C82C9792F10034E8AC /* PreviewProvider.swift in Sources */ = {isa = PBXBuildFile; fileRef = 62DC94C72C9792F10034E8AC /* PreviewProvider.swift */; };
		62DC94CC2C979CEF0034E8AC /* CustomButton.swift in Sources */ = {isa = PBXBuildFile; fileRef = 62DC94CB2C979CEF0034E8AC /* CustomButton.swift */; };
		62DC94CE2C979F9A0034E8AC /* Colors.swift in Sources */ = {isa = PBXBuildFile; fileRef = 62DC94CD2C979F9A0034E8AC /* Colors.swift */; };
		62DC94D02C97A1BD0034E8AC /* LoadingView.swift in Sources */ = {isa = PBXBuildFile; fileRef = 62DC94CF2C97A1BD0034E8AC /* LoadingView.swift */; };
/* End PBXBuildFile section */

/* Begin PBXContainerItemProxy section */
		62DC94A12C976D600034E8AC /* PBXContainerItemProxy */ = {
			isa = PBXContainerItemProxy;
			containerPortal = 62DBCC742C94DE53007B8B09 /* Project object */;
			proxyType = 1;
			remoteGlobalIDString = 62DBCC7B2C94DE53007B8B09;
			remoteInfo = "github-repo-list-viewer";
		};
/* End PBXContainerItemProxy section */

/* Begin PBXFileReference section */
		621CDD182C96FFCB0052194A /* HTTPMethod.swift */ = {isa = PBXFileReference; lastKnownFileType = sourcecode.swift; path = HTTPMethod.swift; sourceTree = "<group>"; };
		621CDD1A2C97009A0052194A /* HTTPHeader.swift */ = {isa = PBXFileReference; lastKnownFileType = sourcecode.swift; path = HTTPHeader.swift; sourceTree = "<group>"; };
		621CDD1C2C9701550052194A /* MIMEType.swift */ = {isa = PBXFileReference; lastKnownFileType = sourcecode.swift; path = MIMEType.swift; sourceTree = "<group>"; };
		62DBCC7C2C94DE53007B8B09 /* github-repo-list-viewer.app */ = {isa = PBXFileReference; explicitFileType = wrapper.application; includeInIndex = 0; path = "github-repo-list-viewer.app"; sourceTree = BUILT_PRODUCTS_DIR; };
		62DBCC7F2C94DE53007B8B09 /* github_repo_list_viewerApp.swift */ = {isa = PBXFileReference; lastKnownFileType = sourcecode.swift; path = github_repo_list_viewerApp.swift; sourceTree = "<group>"; };
		62DBCC842C94DE53007B8B09 /* github_repo_list_viewer.xcdatamodel */ = {isa = PBXFileReference; lastKnownFileType = wrapper.xcdatamodel; path = github_repo_list_viewer.xcdatamodel; sourceTree = "<group>"; };
		62DBCC882C94DE54007B8B09 /* Assets.xcassets */ = {isa = PBXFileReference; lastKnownFileType = folder.assetcatalog; path = Assets.xcassets; sourceTree = "<group>"; };
		62DBCC8A2C94DE54007B8B09 /* github_repo_list_viewer.entitlements */ = {isa = PBXFileReference; lastKnownFileType = text.plist.entitlements; path = github_repo_list_viewer.entitlements; sourceTree = "<group>"; };
		62DBCC8C2C94DE54007B8B09 /* Preview Assets.xcassets */ = {isa = PBXFileReference; lastKnownFileType = folder.assetcatalog; path = "Preview Assets.xcassets"; sourceTree = "<group>"; };
		62DBCCB82C94E636007B8B09 /* NetworkManager.swift */ = {isa = PBXFileReference; lastKnownFileType = sourcecode.swift; path = NetworkManager.swift; sourceTree = "<group>"; };
		62DBCCBB2C94E76A007B8B09 /* NetworkError.swift */ = {isa = PBXFileReference; lastKnownFileType = sourcecode.swift; path = NetworkError.swift; sourceTree = "<group>"; };
		62DBCCBE2C94E954007B8B09 /* String+Extensions.swift */ = {isa = PBXFileReference; lastKnownFileType = sourcecode.swift; path = "String+Extensions.swift"; sourceTree = "<group>"; };
		62DBCCC02C94E96F007B8B09 /* Localizable.xcstrings */ = {isa = PBXFileReference; lastKnownFileType = text.json.xcstrings; path = Localizable.xcstrings; sourceTree = "<group>"; };
		62DC94952C9762F80034E8AC /* Info.plist */ = {isa = PBXFileReference; lastKnownFileType = text.plist; path = Info.plist; sourceTree = "<group>"; };
		62DC949D2C976D600034E8AC /* github-repo-list-viewerTests.xctest */ = {isa = PBXFileReference; explicitFileType = wrapper.cfbundle; includeInIndex = 0; path = "github-repo-list-viewerTests.xctest"; sourceTree = BUILT_PRODUCTS_DIR; };
		62DC94A82C976EE10034E8AC /* NetworkManagerTests.swift */ = {isa = PBXFileReference; lastKnownFileType = sourcecode.swift; path = NetworkManagerTests.swift; sourceTree = "<group>"; };
		62DC94B12C9777130034E8AC /* MockURLProtocol.swift */ = {isa = PBXFileReference; lastKnownFileType = sourcecode.swift; path = MockURLProtocol.swift; sourceTree = "<group>"; };
		62DC94B32C9785620034E8AC /* GithubManager.swift */ = {isa = PBXFileReference; lastKnownFileType = sourcecode.swift; path = GithubManager.swift; sourceTree = "<group>"; };
		62DC94B72C9786920034E8AC /* GetUserModel.swift */ = {isa = PBXFileReference; lastKnownFileType = sourcecode.swift; path = GetUserModel.swift; sourceTree = "<group>"; };
		62DC94BD2C978B510034E8AC /* SearchUserView.swift */ = {isa = PBXFileReference; lastKnownFileType = sourcecode.swift; path = SearchUserView.swift; sourceTree = "<group>"; };
		62DC94C12C978ECA0034E8AC /* APIKeyManager.swift */ = {isa = PBXFileReference; lastKnownFileType = sourcecode.swift; path = APIKeyManager.swift; sourceTree = "<group>"; };
		62DC94C52C97926D0034E8AC /* UserViewModel.swift */ = {isa = PBXFileReference; lastKnownFileType = sourcecode.swift; path = UserViewModel.swift; sourceTree = "<group>"; };
		62DC94C72C9792F10034E8AC /* PreviewProvider.swift */ = {isa = PBXFileReference; lastKnownFileType = sourcecode.swift; path = PreviewProvider.swift; sourceTree = "<group>"; };
		62DC94CB2C979CEF0034E8AC /* CustomButton.swift */ = {isa = PBXFileReference; lastKnownFileType = sourcecode.swift; path = CustomButton.swift; sourceTree = "<group>"; };
		62DC94CD2C979F9A0034E8AC /* Colors.swift */ = {isa = PBXFileReference; lastKnownFileType = sourcecode.swift; path = Colors.swift; sourceTree = "<group>"; };
		62DC94CF2C97A1BD0034E8AC /* LoadingView.swift */ = {isa = PBXFileReference; lastKnownFileType = sourcecode.swift; path = LoadingView.swift; sourceTree = "<group>"; };
/* End PBXFileReference section */

/* Begin PBXFrameworksBuildPhase section */
		62DBCC792C94DE53007B8B09 /* Frameworks */ = {
			isa = PBXFrameworksBuildPhase;
			buildActionMask = 2147483647;
			files = (
			);
			runOnlyForDeploymentPostprocessing = 0;
		};
		62DC949A2C976D600034E8AC /* Frameworks */ = {
			isa = PBXFrameworksBuildPhase;
			buildActionMask = 2147483647;
			files = (
			);
			runOnlyForDeploymentPostprocessing = 0;
		};
/* End PBXFrameworksBuildPhase section */

/* Begin PBXGroup section */
		62DBCC732C94DE53007B8B09 = {
			isa = PBXGroup;
			children = (
				62DBCC7E2C94DE53007B8B09 /* github-repo-list-viewer */,
				62DC949E2C976D600034E8AC /* github-repo-list-viewerTests */,
				62DBCC7D2C94DE53007B8B09 /* Products */,
			);
			sourceTree = "<group>";
		};
		62DBCC7D2C94DE53007B8B09 /* Products */ = {
			isa = PBXGroup;
			children = (
				62DBCC7C2C94DE53007B8B09 /* github-repo-list-viewer.app */,
				62DC949D2C976D600034E8AC /* github-repo-list-viewerTests.xctest */,
			);
			name = Products;
			sourceTree = "<group>";
		};
		62DBCC7E2C94DE53007B8B09 /* github-repo-list-viewer */ = {
			isa = PBXGroup;
			children = (
				62DC94952C9762F80034E8AC /* Info.plist */,
				62DBCCAF2C94DFA3007B8B09 /* App */,
				62DBCCB62C94E170007B8B09 /* Configuration */,
				62DC94CA2C979CD90034E8AC /* Components */,
				62DC94B62C97865C0034E8AC /* Models */,
				62DBCCB12C94E051007B8B09 /* Managers */,
				62DC94C42C97925E0034E8AC /* ViewModels */,
				62DC94C32C9792550034E8AC /* Views */,
				62DBCCBA2C94E759007B8B09 /* Utilities */,
				62DBCCBD2C94E944007B8B09 /* Extensions */,
				62DBCCB52C94E0A2007B8B09 /* Resources */,
				62DBCCB72C94E1CD007B8B09 /* Storage */,
				62DBCC8B2C94DE54007B8B09 /* Preview Content */,
			);
			path = "github-repo-list-viewer";
			sourceTree = "<group>";
		};
		62DBCC8B2C94DE54007B8B09 /* Preview Content */ = {
			isa = PBXGroup;
			children = (
				62DBCC8C2C94DE54007B8B09 /* Preview Assets.xcassets */,
			);
			path = "Preview Content";
			sourceTree = "<group>";
		};
		62DBCCAF2C94DFA3007B8B09 /* App */ = {
			isa = PBXGroup;
			children = (
				62DBCC7F2C94DE53007B8B09 /* github_repo_list_viewerApp.swift */,
			);
			path = App;
			sourceTree = "<group>";
		};
		62DBCCB12C94E051007B8B09 /* Managers */ = {
			isa = PBXGroup;
			children = (
				62DBCCB82C94E636007B8B09 /* NetworkManager.swift */,
				62DC94B32C9785620034E8AC /* GithubManager.swift */,
				62DC94C12C978ECA0034E8AC /* APIKeyManager.swift */,
			);
			path = Managers;
			sourceTree = "<group>";
		};
		62DBCCB52C94E0A2007B8B09 /* Resources */ = {
			isa = PBXGroup;
			children = (
				62DBCC882C94DE54007B8B09 /* Assets.xcassets */,
				62DBCCC02C94E96F007B8B09 /* Localizable.xcstrings */,
			);
			path = Resources;
			sourceTree = "<group>";
		};
		62DBCCB62C94E170007B8B09 /* Configuration */ = {
			isa = PBXGroup;
			children = (
				62DBCC8A2C94DE54007B8B09 /* github_repo_list_viewer.entitlements */,
			);
			path = Configuration;
			sourceTree = "<group>";
		};
		62DBCCB72C94E1CD007B8B09 /* Storage */ = {
			isa = PBXGroup;
			children = (
				62DBCC832C94DE53007B8B09 /* github_repo_list_viewer.xcdatamodeld */,
			);
			path = Storage;
			sourceTree = "<group>";
		};
		62DBCCBA2C94E759007B8B09 /* Utilities */ = {
			isa = PBXGroup;
			children = (
				62DC94C92C9796330034E8AC /* NetworkUtilities */,
				62DC94C72C9792F10034E8AC /* PreviewProvider.swift */,
				62DC94CD2C979F9A0034E8AC /* Colors.swift */,
			);
			path = Utilities;
			sourceTree = "<group>";
		};
		62DBCCBD2C94E944007B8B09 /* Extensions */ = {
			isa = PBXGroup;
			children = (
				62DBCCBE2C94E954007B8B09 /* String+Extensions.swift */,
			);
			path = Extensions;
			sourceTree = "<group>";
		};
		62DC949E2C976D600034E8AC /* github-repo-list-viewerTests */ = {
			isa = PBXGroup;
			children = (
				62DC94B02C9776FB0034E8AC /* Mock */,
				62DC94A82C976EE10034E8AC /* NetworkManagerTests.swift */,
			);
			path = "github-repo-list-viewerTests";
			sourceTree = "<group>";
		};
		62DC94B02C9776FB0034E8AC /* Mock */ = {
			isa = PBXGroup;
			children = (
				62DC94B12C9777130034E8AC /* MockURLProtocol.swift */,
			);
			path = Mock;
			sourceTree = "<group>";
		};
		62DC94B62C97865C0034E8AC /* Models */ = {
			isa = PBXGroup;
			children = (
				62DC94B72C9786920034E8AC /* GetUserModel.swift */,
			);
			path = Models;
			sourceTree = "<group>";
		};
		62DC94C32C9792550034E8AC /* Views */ = {
			isa = PBXGroup;
			children = (
				62DC94BD2C978B510034E8AC /* SearchUserView.swift */,
			);
			path = Views;
			sourceTree = "<group>";
		};
		62DC94C42C97925E0034E8AC /* ViewModels */ = {
			isa = PBXGroup;
			children = (
				62DC94C52C97926D0034E8AC /* UserViewModel.swift */,
			);
			path = ViewModels;
			sourceTree = "<group>";
		};
		62DC94C92C9796330034E8AC /* NetworkUtilities */ = {
			isa = PBXGroup;
			children = (
				621CDD182C96FFCB0052194A /* HTTPMethod.swift */,
				621CDD1A2C97009A0052194A /* HTTPHeader.swift */,
				621CDD1C2C9701550052194A /* MIMEType.swift */,
				62DBCCBB2C94E76A007B8B09 /* NetworkError.swift */,
			);
			path = NetworkUtilities;
			sourceTree = "<group>";
		};
		62DC94CA2C979CD90034E8AC /* Components */ = {
			isa = PBXGroup;
			children = (
				62DC94CB2C979CEF0034E8AC /* CustomButton.swift */,
				62DC94CF2C97A1BD0034E8AC /* LoadingView.swift */,
			);
			path = Components;
			sourceTree = "<group>";
		};
/* End PBXGroup section */

/* Begin PBXNativeTarget section */
		62DBCC7B2C94DE53007B8B09 /* github-repo-list-viewer */ = {
			isa = PBXNativeTarget;
			buildConfigurationList = 62DBCCA62C94DE54007B8B09 /* Build configuration list for PBXNativeTarget "github-repo-list-viewer" */;
			buildPhases = (
				62DBCC782C94DE53007B8B09 /* Sources */,
				62DBCC792C94DE53007B8B09 /* Frameworks */,
				62DBCC7A2C94DE53007B8B09 /* Resources */,
			);
			buildRules = (
			);
			dependencies = (
			);
			name = "github-repo-list-viewer";
			productName = "github-repo-list-viewer";
			productReference = 62DBCC7C2C94DE53007B8B09 /* github-repo-list-viewer.app */;
			productType = "com.apple.product-type.application";
		};
		62DC949C2C976D600034E8AC /* github-repo-list-viewerTests */ = {
			isa = PBXNativeTarget;
			buildConfigurationList = 62DC94A32C976D600034E8AC /* Build configuration list for PBXNativeTarget "github-repo-list-viewerTests" */;
			buildPhases = (
				62DC94992C976D600034E8AC /* Sources */,
				62DC949A2C976D600034E8AC /* Frameworks */,
				62DC949B2C976D600034E8AC /* Resources */,
			);
			buildRules = (
			);
			dependencies = (
				62DC94A22C976D600034E8AC /* PBXTargetDependency */,
			);
			name = "github-repo-list-viewerTests";
			productName = "github-repo-list-viewerTests";
			productReference = 62DC949D2C976D600034E8AC /* github-repo-list-viewerTests.xctest */;
			productType = "com.apple.product-type.bundle.unit-test";
		};
/* End PBXNativeTarget section */

/* Begin PBXProject section */
		62DBCC742C94DE53007B8B09 /* Project object */ = {
			isa = PBXProject;
			attributes = {
				BuildIndependentTargetsInParallel = 1;
				LastSwiftUpdateCheck = 1500;
				LastUpgradeCheck = 1500;
				TargetAttributes = {
					62DBCC7B2C94DE53007B8B09 = {
						CreatedOnToolsVersion = 15.0.1;
					};
					62DC949C2C976D600034E8AC = {
						CreatedOnToolsVersion = 15.0.1;
						TestTargetID = 62DBCC7B2C94DE53007B8B09;
					};
				};
			};
			buildConfigurationList = 62DBCC772C94DE53007B8B09 /* Build configuration list for PBXProject "github-repo-list-viewer" */;
			compatibilityVersion = "Xcode 14.0";
			developmentRegion = en;
			hasScannedForEncodings = 0;
			knownRegions = (
				en,
				Base,
				tr,
			);
			mainGroup = 62DBCC732C94DE53007B8B09;
			productRefGroup = 62DBCC7D2C94DE53007B8B09 /* Products */;
			projectDirPath = "";
			projectRoot = "";
			targets = (
				62DBCC7B2C94DE53007B8B09 /* github-repo-list-viewer */,
				62DC949C2C976D600034E8AC /* github-repo-list-viewerTests */,
			);
		};
/* End PBXProject section */

/* Begin PBXResourcesBuildPhase section */
		62DBCC7A2C94DE53007B8B09 /* Resources */ = {
			isa = PBXResourcesBuildPhase;
			buildActionMask = 2147483647;
			files = (
				62DBCC8D2C94DE54007B8B09 /* Preview Assets.xcassets in Resources */,
				62DBCC892C94DE54007B8B09 /* Assets.xcassets in Resources */,
				62DBCCC12C94E96F007B8B09 /* Localizable.xcstrings in Resources */,
			);
			runOnlyForDeploymentPostprocessing = 0;
		};
		62DC949B2C976D600034E8AC /* Resources */ = {
			isa = PBXResourcesBuildPhase;
			buildActionMask = 2147483647;
			files = (
			);
			runOnlyForDeploymentPostprocessing = 0;
		};
/* End PBXResourcesBuildPhase section */

/* Begin PBXSourcesBuildPhase section */
		62DBCC782C94DE53007B8B09 /* Sources */ = {
			isa = PBXSourcesBuildPhase;
			buildActionMask = 2147483647;
			files = (
				62DBCCB92C94E636007B8B09 /* NetworkManager.swift in Sources */,
				621CDD1D2C9701550052194A /* MIMEType.swift in Sources */,
				62DBCC802C94DE53007B8B09 /* github_repo_list_viewerApp.swift in Sources */,
				62DC94BE2C978B510034E8AC /* SearchUserView.swift in Sources */,
				62DC94D02C97A1BD0034E8AC /* LoadingView.swift in Sources */,
				621CDD192C96FFCB0052194A /* HTTPMethod.swift in Sources */,
				62DC94C82C9792F10034E8AC /* PreviewProvider.swift in Sources */,
				62DC94C62C97926D0034E8AC /* UserViewModel.swift in Sources */,
				62DC94B82C9786920034E8AC /* GetUserModel.swift in Sources */,
				621CDD1B2C97009A0052194A /* HTTPHeader.swift in Sources */,
				62DC94CE2C979F9A0034E8AC /* Colors.swift in Sources */,
				62DC94C22C978ECA0034E8AC /* APIKeyManager.swift in Sources */,
				62DBCC852C94DE53007B8B09 /* github_repo_list_viewer.xcdatamodeld in Sources */,
				62DBCCBF2C94E954007B8B09 /* String+Extensions.swift in Sources */,
				62DC94B42C9785620034E8AC /* GithubManager.swift in Sources */,
				62DBCCBC2C94E76A007B8B09 /* NetworkError.swift in Sources */,
				62DC94CC2C979CEF0034E8AC /* CustomButton.swift in Sources */,
			);
			runOnlyForDeploymentPostprocessing = 0;
		};
		62DC94992C976D600034E8AC /* Sources */ = {
			isa = PBXSourcesBuildPhase;
			buildActionMask = 2147483647;
			files = (
				62DC94A92C976EE10034E8AC /* NetworkManagerTests.swift in Sources */,
				62DC94B22C9777130034E8AC /* MockURLProtocol.swift in Sources */,
			);
			runOnlyForDeploymentPostprocessing = 0;
		};
/* End PBXSourcesBuildPhase section */

/* Begin PBXTargetDependency section */
		62DC94A22C976D600034E8AC /* PBXTargetDependency */ = {
			isa = PBXTargetDependency;
			target = 62DBCC7B2C94DE53007B8B09 /* github-repo-list-viewer */;
			targetProxy = 62DC94A12C976D600034E8AC /* PBXContainerItemProxy */;
		};
/* End PBXTargetDependency section */

/* Begin XCBuildConfiguration section */
		62DBCCA42C94DE54007B8B09 /* Debug */ = {
			isa = XCBuildConfiguration;
			buildSettings = {
				ALWAYS_SEARCH_USER_PATHS = NO;
				ASSETCATALOG_COMPILER_GENERATE_SWIFT_ASSET_SYMBOL_EXTENSIONS = YES;
				CLANG_ANALYZER_NONNULL = YES;
				CLANG_ANALYZER_NUMBER_OBJECT_CONVERSION = YES_AGGRESSIVE;
				CLANG_CXX_LANGUAGE_STANDARD = "gnu++20";
				CLANG_ENABLE_MODULES = YES;
				CLANG_ENABLE_OBJC_ARC = YES;
				CLANG_ENABLE_OBJC_WEAK = YES;
				CLANG_WARN_BLOCK_CAPTURE_AUTORELEASING = YES;
				CLANG_WARN_BOOL_CONVERSION = YES;
				CLANG_WARN_COMMA = YES;
				CLANG_WARN_CONSTANT_CONVERSION = YES;
				CLANG_WARN_DEPRECATED_OBJC_IMPLEMENTATIONS = YES;
				CLANG_WARN_DIRECT_OBJC_ISA_USAGE = YES_ERROR;
				CLANG_WARN_DOCUMENTATION_COMMENTS = YES;
				CLANG_WARN_EMPTY_BODY = YES;
				CLANG_WARN_ENUM_CONVERSION = YES;
				CLANG_WARN_INFINITE_RECURSION = YES;
				CLANG_WARN_INT_CONVERSION = YES;
				CLANG_WARN_NON_LITERAL_NULL_CONVERSION = YES;
				CLANG_WARN_OBJC_IMPLICIT_RETAIN_SELF = YES;
				CLANG_WARN_OBJC_LITERAL_CONVERSION = YES;
				CLANG_WARN_OBJC_ROOT_CLASS = YES_ERROR;
				CLANG_WARN_QUOTED_INCLUDE_IN_FRAMEWORK_HEADER = YES;
				CLANG_WARN_RANGE_LOOP_ANALYSIS = YES;
				CLANG_WARN_STRICT_PROTOTYPES = YES;
				CLANG_WARN_SUSPICIOUS_MOVE = YES;
				CLANG_WARN_UNGUARDED_AVAILABILITY = YES_AGGRESSIVE;
				CLANG_WARN_UNREACHABLE_CODE = YES;
				CLANG_WARN__DUPLICATE_METHOD_MATCH = YES;
				COPY_PHASE_STRIP = NO;
				DEBUG_INFORMATION_FORMAT = dwarf;
				ENABLE_STRICT_OBJC_MSGSEND = YES;
				ENABLE_TESTABILITY = YES;
				ENABLE_USER_SCRIPT_SANDBOXING = YES;
				GCC_C_LANGUAGE_STANDARD = gnu17;
				GCC_DYNAMIC_NO_PIC = NO;
				GCC_NO_COMMON_BLOCKS = YES;
				GCC_OPTIMIZATION_LEVEL = 0;
				GCC_PREPROCESSOR_DEFINITIONS = (
					"DEBUG=1",
					"$(inherited)",
				);
				GCC_WARN_64_TO_32_BIT_CONVERSION = YES;
				GCC_WARN_ABOUT_RETURN_TYPE = YES_ERROR;
				GCC_WARN_UNDECLARED_SELECTOR = YES;
				GCC_WARN_UNINITIALIZED_AUTOS = YES_AGGRESSIVE;
				GCC_WARN_UNUSED_FUNCTION = YES;
				GCC_WARN_UNUSED_VARIABLE = YES;
				LOCALIZATION_PREFERS_STRING_CATALOGS = YES;
				MTL_ENABLE_DEBUG_INFO = INCLUDE_SOURCE;
				MTL_FAST_MATH = YES;
				ONLY_ACTIVE_ARCH = YES;
				SWIFT_ACTIVE_COMPILATION_CONDITIONS = "DEBUG $(inherited)";
				SWIFT_OPTIMIZATION_LEVEL = "-Onone";
			};
			name = Debug;
		};
		62DBCCA52C94DE54007B8B09 /* Release */ = {
			isa = XCBuildConfiguration;
			buildSettings = {
				ALWAYS_SEARCH_USER_PATHS = NO;
				ASSETCATALOG_COMPILER_GENERATE_SWIFT_ASSET_SYMBOL_EXTENSIONS = YES;
				CLANG_ANALYZER_NONNULL = YES;
				CLANG_ANALYZER_NUMBER_OBJECT_CONVERSION = YES_AGGRESSIVE;
				CLANG_CXX_LANGUAGE_STANDARD = "gnu++20";
				CLANG_ENABLE_MODULES = YES;
				CLANG_ENABLE_OBJC_ARC = YES;
				CLANG_ENABLE_OBJC_WEAK = YES;
				CLANG_WARN_BLOCK_CAPTURE_AUTORELEASING = YES;
				CLANG_WARN_BOOL_CONVERSION = YES;
				CLANG_WARN_COMMA = YES;
				CLANG_WARN_CONSTANT_CONVERSION = YES;
				CLANG_WARN_DEPRECATED_OBJC_IMPLEMENTATIONS = YES;
				CLANG_WARN_DIRECT_OBJC_ISA_USAGE = YES_ERROR;
				CLANG_WARN_DOCUMENTATION_COMMENTS = YES;
				CLANG_WARN_EMPTY_BODY = YES;
				CLANG_WARN_ENUM_CONVERSION = YES;
				CLANG_WARN_INFINITE_RECURSION = YES;
				CLANG_WARN_INT_CONVERSION = YES;
				CLANG_WARN_NON_LITERAL_NULL_CONVERSION = YES;
				CLANG_WARN_OBJC_IMPLICIT_RETAIN_SELF = YES;
				CLANG_WARN_OBJC_LITERAL_CONVERSION = YES;
				CLANG_WARN_OBJC_ROOT_CLASS = YES_ERROR;
				CLANG_WARN_QUOTED_INCLUDE_IN_FRAMEWORK_HEADER = YES;
				CLANG_WARN_RANGE_LOOP_ANALYSIS = YES;
				CLANG_WARN_STRICT_PROTOTYPES = YES;
				CLANG_WARN_SUSPICIOUS_MOVE = YES;
				CLANG_WARN_UNGUARDED_AVAILABILITY = YES_AGGRESSIVE;
				CLANG_WARN_UNREACHABLE_CODE = YES;
				CLANG_WARN__DUPLICATE_METHOD_MATCH = YES;
				COPY_PHASE_STRIP = NO;
				DEBUG_INFORMATION_FORMAT = "dwarf-with-dsym";
				ENABLE_NS_ASSERTIONS = NO;
				ENABLE_STRICT_OBJC_MSGSEND = YES;
				ENABLE_USER_SCRIPT_SANDBOXING = YES;
				GCC_C_LANGUAGE_STANDARD = gnu17;
				GCC_NO_COMMON_BLOCKS = YES;
				GCC_WARN_64_TO_32_BIT_CONVERSION = YES;
				GCC_WARN_ABOUT_RETURN_TYPE = YES_ERROR;
				GCC_WARN_UNDECLARED_SELECTOR = YES;
				GCC_WARN_UNINITIALIZED_AUTOS = YES_AGGRESSIVE;
				GCC_WARN_UNUSED_FUNCTION = YES;
				GCC_WARN_UNUSED_VARIABLE = YES;
				LOCALIZATION_PREFERS_STRING_CATALOGS = YES;
				MTL_ENABLE_DEBUG_INFO = NO;
				MTL_FAST_MATH = YES;
				SWIFT_COMPILATION_MODE = wholemodule;
			};
			name = Release;
		};
		62DBCCA72C94DE54007B8B09 /* Debug */ = {
			isa = XCBuildConfiguration;
			buildSettings = {
				ASSETCATALOG_COMPILER_APPICON_NAME = AppIcon;
				ASSETCATALOG_COMPILER_GLOBAL_ACCENT_COLOR_NAME = AccentColor;
				CODE_SIGN_ENTITLEMENTS = "github-repo-list-viewer/Configuration/github_repo_list_viewer.entitlements";
				CODE_SIGN_STYLE = Automatic;
				CURRENT_PROJECT_VERSION = 1;
				DEVELOPMENT_ASSET_PATHS = "\"github-repo-list-viewer/Preview Content\"";
				DEVELOPMENT_TEAM = 38QYY664D7;
				ENABLE_HARDENED_RUNTIME = YES;
				ENABLE_PREVIEWS = YES;
				GENERATE_INFOPLIST_FILE = YES;
				INFOPLIST_FILE = "github-repo-list-viewer/Info.plist";
				INFOPLIST_KEY_CFBundleDisplayName = "Repo Viewer";
				INFOPLIST_KEY_LSApplicationCategoryType = "public.app-category.productivity";
				"INFOPLIST_KEY_UIApplicationSceneManifest_Generation[sdk=iphoneos*]" = YES;
				"INFOPLIST_KEY_UIApplicationSceneManifest_Generation[sdk=iphonesimulator*]" = YES;
				"INFOPLIST_KEY_UIApplicationSupportsIndirectInputEvents[sdk=iphoneos*]" = YES;
				"INFOPLIST_KEY_UIApplicationSupportsIndirectInputEvents[sdk=iphonesimulator*]" = YES;
				"INFOPLIST_KEY_UILaunchScreen_Generation[sdk=iphoneos*]" = YES;
				"INFOPLIST_KEY_UILaunchScreen_Generation[sdk=iphonesimulator*]" = YES;
				INFOPLIST_KEY_UIStatusBarStyle = "";
				"INFOPLIST_KEY_UIStatusBarStyle[sdk=iphoneos*]" = UIStatusBarStyleDefault;
				"INFOPLIST_KEY_UIStatusBarStyle[sdk=iphonesimulator*]" = UIStatusBarStyleDefault;
				INFOPLIST_KEY_UISupportedInterfaceOrientations_iPad = "UIInterfaceOrientationPortrait UIInterfaceOrientationPortraitUpsideDown UIInterfaceOrientationLandscapeLeft UIInterfaceOrientationLandscapeRight";
				INFOPLIST_KEY_UISupportedInterfaceOrientations_iPhone = "UIInterfaceOrientationPortrait UIInterfaceOrientationLandscapeLeft UIInterfaceOrientationLandscapeRight";
				IPHONEOS_DEPLOYMENT_TARGET = 17.0;
				LD_RUNPATH_SEARCH_PATHS = "@executable_path/Frameworks";
				"LD_RUNPATH_SEARCH_PATHS[sdk=macosx*]" = "@executable_path/../Frameworks";
				MACOSX_DEPLOYMENT_TARGET = 14.0;
				MARKETING_VERSION = 1.0;
				PRODUCT_BUNDLE_IDENTIFIER = "com.betulcalik.github-repo-list-viewer";
				PRODUCT_NAME = "$(TARGET_NAME)";
				SDKROOT = auto;
				SUPPORTED_PLATFORMS = "iphoneos iphonesimulator macosx";
				SWIFT_EMIT_LOC_STRINGS = YES;
				SWIFT_VERSION = 5.0;
				TARGETED_DEVICE_FAMILY = "1,2";
			};
			name = Debug;
		};
		62DBCCA82C94DE54007B8B09 /* Release */ = {
			isa = XCBuildConfiguration;
			buildSettings = {
				ASSETCATALOG_COMPILER_APPICON_NAME = AppIcon;
				ASSETCATALOG_COMPILER_GLOBAL_ACCENT_COLOR_NAME = AccentColor;
				CODE_SIGN_ENTITLEMENTS = "github-repo-list-viewer/Configuration/github_repo_list_viewer.entitlements";
				CODE_SIGN_STYLE = Automatic;
				CURRENT_PROJECT_VERSION = 1;
				DEVELOPMENT_ASSET_PATHS = "\"github-repo-list-viewer/Preview Content\"";
				DEVELOPMENT_TEAM = 38QYY664D7;
				ENABLE_HARDENED_RUNTIME = YES;
				ENABLE_PREVIEWS = YES;
				GENERATE_INFOPLIST_FILE = YES;
				INFOPLIST_FILE = "github-repo-list-viewer/Info.plist";
				INFOPLIST_KEY_CFBundleDisplayName = "Repo Viewer";
				INFOPLIST_KEY_LSApplicationCategoryType = "public.app-category.productivity";
				"INFOPLIST_KEY_UIApplicationSceneManifest_Generation[sdk=iphoneos*]" = YES;
				"INFOPLIST_KEY_UIApplicationSceneManifest_Generation[sdk=iphonesimulator*]" = YES;
				"INFOPLIST_KEY_UIApplicationSupportsIndirectInputEvents[sdk=iphoneos*]" = YES;
				"INFOPLIST_KEY_UIApplicationSupportsIndirectInputEvents[sdk=iphonesimulator*]" = YES;
				"INFOPLIST_KEY_UILaunchScreen_Generation[sdk=iphoneos*]" = YES;
				"INFOPLIST_KEY_UILaunchScreen_Generation[sdk=iphonesimulator*]" = YES;
				INFOPLIST_KEY_UIStatusBarStyle = "";
				"INFOPLIST_KEY_UIStatusBarStyle[sdk=iphoneos*]" = UIStatusBarStyleDefault;
				"INFOPLIST_KEY_UIStatusBarStyle[sdk=iphonesimulator*]" = UIStatusBarStyleDefault;
				INFOPLIST_KEY_UISupportedInterfaceOrientations_iPad = "UIInterfaceOrientationPortrait UIInterfaceOrientationPortraitUpsideDown UIInterfaceOrientationLandscapeLeft UIInterfaceOrientationLandscapeRight";
				INFOPLIST_KEY_UISupportedInterfaceOrientations_iPhone = "UIInterfaceOrientationPortrait UIInterfaceOrientationLandscapeLeft UIInterfaceOrientationLandscapeRight";
				IPHONEOS_DEPLOYMENT_TARGET = 17.0;
				LD_RUNPATH_SEARCH_PATHS = "@executable_path/Frameworks";
				"LD_RUNPATH_SEARCH_PATHS[sdk=macosx*]" = "@executable_path/../Frameworks";
				MACOSX_DEPLOYMENT_TARGET = 14.0;
				MARKETING_VERSION = 1.0;
				PRODUCT_BUNDLE_IDENTIFIER = "com.betulcalik.github-repo-list-viewer";
				PRODUCT_NAME = "$(TARGET_NAME)";
				SDKROOT = auto;
				SUPPORTED_PLATFORMS = "iphoneos iphonesimulator macosx";
				SWIFT_EMIT_LOC_STRINGS = YES;
				SWIFT_VERSION = 5.0;
				TARGETED_DEVICE_FAMILY = "1,2";
			};
			name = Release;
		};
		62DC94A42C976D600034E8AC /* Debug */ = {
			isa = XCBuildConfiguration;
			buildSettings = {
				BUNDLE_LOADER = "$(TEST_HOST)";
				CODE_SIGN_STYLE = Automatic;
				CURRENT_PROJECT_VERSION = 1;
				DEVELOPMENT_TEAM = 38QYY664D7;
				GENERATE_INFOPLIST_FILE = YES;
				IPHONEOS_DEPLOYMENT_TARGET = 17.0;
				MARKETING_VERSION = 1.0;
				PRODUCT_BUNDLE_IDENTIFIER = "com.betulcalik.github-repo-list-viewerTests";
				PRODUCT_NAME = "$(TARGET_NAME)";
				SDKROOT = iphoneos;
				SWIFT_EMIT_LOC_STRINGS = NO;
				SWIFT_VERSION = 5.0;
				TARGETED_DEVICE_FAMILY = "1,2";
				TEST_HOST = "$(BUILT_PRODUCTS_DIR)/github-repo-list-viewer.app/$(BUNDLE_EXECUTABLE_FOLDER_PATH)/github-repo-list-viewer";
			};
			name = Debug;
		};
		62DC94A52C976D600034E8AC /* Release */ = {
			isa = XCBuildConfiguration;
			buildSettings = {
				BUNDLE_LOADER = "$(TEST_HOST)";
				CODE_SIGN_STYLE = Automatic;
				CURRENT_PROJECT_VERSION = 1;
				DEVELOPMENT_TEAM = 38QYY664D7;
				GENERATE_INFOPLIST_FILE = YES;
				IPHONEOS_DEPLOYMENT_TARGET = 17.0;
				MARKETING_VERSION = 1.0;
				PRODUCT_BUNDLE_IDENTIFIER = "com.betulcalik.github-repo-list-viewerTests";
				PRODUCT_NAME = "$(TARGET_NAME)";
				SDKROOT = iphoneos;
				SWIFT_EMIT_LOC_STRINGS = NO;
				SWIFT_VERSION = 5.0;
				TARGETED_DEVICE_FAMILY = "1,2";
				TEST_HOST = "$(BUILT_PRODUCTS_DIR)/github-repo-list-viewer.app/$(BUNDLE_EXECUTABLE_FOLDER_PATH)/github-repo-list-viewer";
				VALIDATE_PRODUCT = YES;
			};
			name = Release;
		};
/* End XCBuildConfiguration section */

/* Begin XCConfigurationList section */
		62DBCC772C94DE53007B8B09 /* Build configuration list for PBXProject "github-repo-list-viewer" */ = {
			isa = XCConfigurationList;
			buildConfigurations = (
				62DBCCA42C94DE54007B8B09 /* Debug */,
				62DBCCA52C94DE54007B8B09 /* Release */,
			);
			defaultConfigurationIsVisible = 0;
			defaultConfigurationName = Release;
		};
		62DBCCA62C94DE54007B8B09 /* Build configuration list for PBXNativeTarget "github-repo-list-viewer" */ = {
			isa = XCConfigurationList;
			buildConfigurations = (
				62DBCCA72C94DE54007B8B09 /* Debug */,
				62DBCCA82C94DE54007B8B09 /* Release */,
			);
			defaultConfigurationIsVisible = 0;
			defaultConfigurationName = Release;
		};
		62DC94A32C976D600034E8AC /* Build configuration list for PBXNativeTarget "github-repo-list-viewerTests" */ = {
			isa = XCConfigurationList;
			buildConfigurations = (
				62DC94A42C976D600034E8AC /* Debug */,
				62DC94A52C976D600034E8AC /* Release */,
			);
			defaultConfigurationIsVisible = 0;
			defaultConfigurationName = Release;
		};
/* End XCConfigurationList section */

/* Begin XCVersionGroup section */
		62DBCC832C94DE53007B8B09 /* github_repo_list_viewer.xcdatamodeld */ = {
			isa = XCVersionGroup;
			children = (
				62DBCC842C94DE53007B8B09 /* github_repo_list_viewer.xcdatamodel */,
			);
			currentVersion = 62DBCC842C94DE53007B8B09 /* github_repo_list_viewer.xcdatamodel */;
			path = github_repo_list_viewer.xcdatamodeld;
			sourceTree = "<group>";
			versionGroupType = wrapper.xcdatamodel;
		};
/* End XCVersionGroup section */
	};
	rootObject = 62DBCC742C94DE53007B8B09 /* Project object */;
}
